
Microsoft Visual Studio Solution File, Format Version 12.00
# Visual Studio 15
VisualStudioVersion = 15.0.28010.2036
MinimumVisualStudioVersion = 10.0.40219.1
Project("{FAE04EC0-301F-11D3-BF4B-00C04F79EFBC}") = "MagicApp", "MagicApp\MagicApp.csproj", "{30B8B101-1B61-401B-ADAE-323F2218B9EF}"
EndProject
Project("{FAE04EC0-301F-11D3-BF4B-00C04F79EFBC}") = "MagicApiLib", "MagicApiLib\MagicApiLib.csproj", "{36A96154-E1B1-4EEA-A1BB-75B0107FD2E9}"
EndProject
Global
	GlobalSection(SolutionConfigurationPlatforms) = preSolution
		Debug|Any CPU = Debug|Any CPU
		Release|Any CPU = Release|Any CPU
	EndGlobalSection
	GlobalSection(ProjectConfigurationPlatforms) = postSolution
		{30B8B101-1B61-401B-ADAE-323F2218B9EF}.Debug|Any CPU.ActiveCfg = Debug|Any CPU
		{30B8B101-1B61-401B-ADAE-323F2218B9EF}.Debug|Any CPU.Build.0 = Debug|Any CPU
		{30B8B101-1B61-401B-ADAE-323F2218B9EF}.Release|Any CPU.ActiveCfg = Release|Any CPU
		{30B8B101-1B61-401B-ADAE-323F2218B9EF}.Release|Any CPU.Build.0 = Release|Any CPU
		{36A96154-E1B1-4EEA-A1BB-75B0107FD2E9}.Debug|Any CPU.ActiveCfg = Debug|Any CPU
		{36A96154-E1B1-4EEA-A1BB-75B0107FD2E9}.Debug|Any CPU.Build.0 = Debug|Any CPU
		{36A96154-E1B1-4EEA-A1BB-75B0107FD2E9}.Release|Any CPU.ActiveCfg = Release|Any CPU
		{36A96154-E1B1-4EEA-A1BB-75B0107FD2E9}.Release|Any CPU.Build.0 = Release|Any CPU
	EndGlobalSection
	GlobalSection(SolutionProperties) = preSolution
		HideSolutionNode = FALSE
	EndGlobalSection
	GlobalSection(ExtensibilityGlobals) = postSolution
		SolutionGuid = {F696412F-C29D-4911-8D74-87300A40A9F8}
	EndGlobalSection
EndGlobal
